
Microsoft Visual Studio Solution File, Format Version 12.00
# Visual Studio Version 17
VisualStudioVersion = 17.5.33516.290
MinimumVisualStudioVersion = 10.0.40219.1
Project("{FAE04EC0-301F-11D3-BF4B-00C04F79EFBC}") = "lab13", "lab13\lab13.csproj", "{4ABEF3DE-B673-4F8F-B1CC-410AAC43A52D}"
EndProject
Global
	GlobalSection(SolutionConfigurationPlatforms) = preSolution
		Debug|Any CPU = Debug|Any CPU
		Release|Any CPU = Release|Any CPU
	EndGlobalSection
	GlobalSection(ProjectConfigurationPlatforms) = postSolution
		{4ABEF3DE-B673-4F8F-B1CC-410AAC43A52D}.Debug|Any CPU.ActiveCfg = Debug|Any CPU
		{4ABEF3DE-B673-4F8F-B1CC-410AAC43A52D}.Debug|Any CPU.Build.0 = Debug|Any CPU
		{4ABEF3DE-B673-4F8F-B1CC-410AAC43A52D}.Release|Any CPU.ActiveCfg = Release|Any CPU
		{4ABEF3DE-B673-4F8F-B1CC-410AAC43A52D}.Release|Any CPU.Build.0 = Release|Any CPU
	EndGlobalSection
	GlobalSection(SolutionProperties) = preSolution
		HideSolutionNode = FALSE
	EndGlobalSection
	GlobalSection(ExtensibilityGlobals) = postSolution
		SolutionGuid = {8BD92295-B614-4315-8C12-D2B07D440165}
	EndGlobalSection
EndGlobal
